
Microsoft Visual Studio Solution File, Format Version 12.00
# Visual Studio Version 17
VisualStudioVersion = 17.6.33815.320
MinimumVisualStudioVersion = 10.0.40219.1
Project("{9A19103F-16F7-4668-BE54-9A1E7A4F7556}") = "ReviewsDeGames", "ReviewsDeGames\ReviewsDeGames.csproj", "{FB39CB24-08F2-4EC3-81D6-34741149ADB2}"
EndProject
Project("{E53339B2-1760-4266-BCC7-CA923CBCF16C}") = "docker-compose", "docker-compose.dcproj", "{A82FA56F-6039-44F3-9E60-80E7E73537BE}"
EndProject
Project("{9A19103F-16F7-4668-BE54-9A1E7A4F7556}") = "ReviewsGamesTests", "ReviewsGamesIntegrationTests\ReviewsGamesTests.csproj", "{E005CF2C-07C1-4A3E-AF2B-8DAB759E1456}"
EndProject
Global
	GlobalSection(SolutionConfigurationPlatforms) = preSolution
		Debug|Any CPU = Debug|Any CPU
		Release|Any CPU = Release|Any CPU
	EndGlobalSection
	GlobalSection(ProjectConfigurationPlatforms) = postSolution
		{FB39CB24-08F2-4EC3-81D6-34741149ADB2}.Debug|Any CPU.ActiveCfg = Debug|Any CPU
		{FB39CB24-08F2-4EC3-81D6-34741149ADB2}.Debug|Any CPU.Build.0 = Debug|Any CPU
		{FB39CB24-08F2-4EC3-81D6-34741149ADB2}.Release|Any CPU.ActiveCfg = Release|Any CPU
		{FB39CB24-08F2-4EC3-81D6-34741149ADB2}.Release|Any CPU.Build.0 = Release|Any CPU
		{A82FA56F-6039-44F3-9E60-80E7E73537BE}.Debug|Any CPU.ActiveCfg = Debug|Any CPU
		{A82FA56F-6039-44F3-9E60-80E7E73537BE}.Debug|Any CPU.Build.0 = Debug|Any CPU
		{A82FA56F-6039-44F3-9E60-80E7E73537BE}.Release|Any CPU.ActiveCfg = Release|Any CPU
		{A82FA56F-6039-44F3-9E60-80E7E73537BE}.Release|Any CPU.Build.0 = Release|Any CPU
		{E005CF2C-07C1-4A3E-AF2B-8DAB759E1456}.Debug|Any CPU.ActiveCfg = Debug|Any CPU
		{E005CF2C-07C1-4A3E-AF2B-8DAB759E1456}.Debug|Any CPU.Build.0 = Debug|Any CPU
		{E005CF2C-07C1-4A3E-AF2B-8DAB759E1456}.Release|Any CPU.ActiveCfg = Release|Any CPU
		{E005CF2C-07C1-4A3E-AF2B-8DAB759E1456}.Release|Any CPU.Build.0 = Release|Any CPU
	EndGlobalSection
	GlobalSection(SolutionProperties) = preSolution
		HideSolutionNode = FALSE
	EndGlobalSection
	GlobalSection(ExtensibilityGlobals) = postSolution
		SolutionGuid = {42E2EFC1-10CF-49A7-8CB3-4664EA54C606}
	EndGlobalSection
EndGlobal
